
Microsoft Visual Studio Solution File, Format Version 12.00
# Visual Studio Version 17
VisualStudioVersion = 17.2.32602.215
MinimumVisualStudioVersion = 10.0.40219.1
Project("{FAE04EC0-301F-11D3-BF4B-00C04F79EFBC}") = "sqlwebappcoreazure", "sqlwebappcoreazure\sqlwebappcoreazure.csproj", "{8ACDC48F-4471-4242-949F-0FEE0FF5FBAD}"
EndProject
Global
	GlobalSection(SolutionConfigurationPlatforms) = preSolution
		Debug|Any CPU = Debug|Any CPU
		Release|Any CPU = Release|Any CPU
	EndGlobalSection
	GlobalSection(ProjectConfigurationPlatforms) = postSolution
		{8ACDC48F-4471-4242-949F-0FEE0FF5FBAD}.Debug|Any CPU.ActiveCfg = Debug|Any CPU
		{8ACDC48F-4471-4242-949F-0FEE0FF5FBAD}.Debug|Any CPU.Build.0 = Debug|Any CPU
		{8ACDC48F-4471-4242-949F-0FEE0FF5FBAD}.Release|Any CPU.ActiveCfg = Release|Any CPU
		{8ACDC48F-4471-4242-949F-0FEE0FF5FBAD}.Release|Any CPU.Build.0 = Release|Any CPU
	EndGlobalSection
	GlobalSection(SolutionProperties) = preSolution
		HideSolutionNode = FALSE
	EndGlobalSection
	GlobalSection(ExtensibilityGlobals) = postSolution
		SolutionGuid = {6B8B9264-10DA-40AC-8D8D-62575B37C2FB}
	EndGlobalSection
EndGlobal
